# @generated by Move, please check-in and do not edit manually.

[move]
version = 3
manifest_digest = "899576DDD5BD2629B18FB326E1E95BD2ABE803FB796C3687BE1903451A12E1E8"
deps_digest = "3C4103934B1E040BB6B23F1D610B4EF9F2F1166A50A104EADCF77467C004C600"

dependencies = [
  { id = "Sui", name = "Sui" },
  { id = "oracle", name = "oracle" },
]

[[move.package]]
id = "MoveStdlib"
source = { git = "https://github.com/MystenLabs/sui.git", rev = "mainnet", subdir = "crates/sui-framework/packages/move-stdlib" }

[[move.package]]
id = "Pyth"
source = { git = "https://github.com/naviprotocol/pyth-crosschain.git", rev = "navi-forked", subdir = "target_chains/sui/contracts" }

dependencies = [
  { id = "Sui", name = "Sui" },
  { id = "Wormhole", name = "Wormhole" },
]

[[move.package]]
id = "Sui"
source = { git = "https://github.com/MystenLabs/sui.git", rev = "mainnet", subdir = "crates/sui-framework/packages/sui-framework" }

dependencies = [
  { id = "MoveStdlib", name = "MoveStdlib" },
]

[[move.package]]
id = "SupraOracle"
source = { git = "https://github.com/Typus-Lab/dora-interface.git", rev = "master", subdir = "sui/mainnet/supra_holder" }

dependencies = [
  { id = "Sui", name = "Sui" },
  { id = "supra_validator", name = "supra_validator" },
]

[[move.package]]
id = "Wormhole"
source = { git = "https://github.com/naviprotocol/wormhole.git", rev = "navi-forked", subdir = "sui/wormhole" }

dependencies = [
  { id = "Sui", name = "Sui" },
]

[[move.package]]
id = "oracle"
source = { local = "../oracle" }

dependencies = [
  { id = "Pyth", name = "Pyth" },
  { id = "Sui", name = "Sui" },
  { id = "SupraOracle", name = "SupraOracle" },
]

[[move.package]]
id = "supra_utils"
source = { git = "https://github.com/Typus-Lab/dora-interface.git", rev = "master", subdir = "sui/mainnet/supra_utils" }

dependencies = [
  { id = "Sui", name = "Sui" },
]

[[move.package]]
id = "supra_validator"
source = { git = "https://github.com/Typus-Lab/dora-interface.git", rev = "master", subdir = "sui/mainnet/supra_validator" }

dependencies = [
  { id = "Sui", name = "Sui" },
  { id = "supra_utils", name = "supra_utils" },
]

[move.toolchain-version]
compiler-version = "1.55.0"
edition = "2024"
flavor = "sui"
