# @generated by Move, please check-in and do not edit manually.

[move]
version = 3
manifest_digest = "152B480F6F3A36C9ED2640AC7DB60362CFFE2B93C15562056D97A18B4F3C2320"
deps_digest = "8227D341C0550A37580C10FA45FE148A465225149C69D179737E0FE454AD6AEC"
dependencies = [
  { id = "Math", name = "Math" },
  { id = "Pyth", name = "Pyth" },
  { id = "ScallopProtocol", name = "ScallopProtocol" },
  { id = "Sui", name = "Sui" },
  { id = "SuiSystem", name = "SuiSystem" },
  { id = "lending_core", name = "lending_core" },
  { id = "oracle", name = "oracle" },
  { id = "spool", name = "spool" },
  { id = "suilend", name = "suilend" },
]

[[move.package]]
id = "CoinDecimalsRegistry"
source = { git = "https://github.com/scallop-io/sui-lending-protocol.git", rev = "ec2332705c2520ffb98f3a69e7e591d4cc2b3677", subdir = "contracts/libs/coin_decimals_registry" }

dependencies = [
  { id = "Sui", name = "Sui" },
]

[[move.package]]
id = "Math"
source = { git = "https://github.com/scallop-io/sui-lending-protocol.git", rev = "ec2332705c2520ffb98f3a69e7e591d4cc2b3677", subdir = "contracts/libs/math" }

dependencies = [
  { id = "Sui", name = "Sui" },
]

[[move.package]]
id = "MoveStdlib"
source = { git = "https://github.com/MystenLabs/sui.git", rev = "mainnet", subdir = "crates/sui-framework/packages/move-stdlib" }

[[move.package]]
id = "Pyth"
source = { git = "https://github.com/pyth-network/pyth-crosschain.git", rev = "sui-contract-mainnet", subdir = "target_chains/sui/contracts" }

dependencies = [
  { id = "Sui", name = "Sui" },
  { id = "Wormhole", name = "Wormhole" },
]

[[move.package]]
id = "ScallopProtocol"
source = { git = "https://github.com/scallop-io/sui-lending-protocol.git", rev = "ec2332705c2520ffb98f3a69e7e591d4cc2b3677", subdir = "contracts/protocol" }

dependencies = [
  { id = "CoinDecimalsRegistry", name = "CoinDecimalsRegistry" },
  { id = "Math", name = "Math" },
  { id = "Sui", name = "Sui" },
  { id = "Whitelist", name = "Whitelist" },
  { id = "X", name = "X" },
  { id = "XOracle", name = "XOracle" },
]

[[move.package]]
id = "Sui"
source = { git = "https://github.com/MystenLabs/sui.git", rev = "mainnet", subdir = "crates/sui-framework/packages/sui-framework" }

dependencies = [
  { id = "MoveStdlib", name = "MoveStdlib" },
]

[[move.package]]
id = "SuiSystem"
source = { git = "https://github.com/MystenLabs/sui.git", rev = "mainnet", subdir = "crates/sui-framework/packages/sui-system" }

dependencies = [
  { id = "MoveStdlib", name = "MoveStdlib" },
  { id = "Sui", name = "Sui" },
]

[[move.package]]
id = "SupraOracle"
source = { git = "https://github.com/Typus-Lab/dora-interface.git", rev = "master", subdir = "sui/mainnet/supra_holder" }

dependencies = [
  { id = "Sui", name = "Sui" },
  { id = "supra_validator", name = "supra_validator" },
]

[[move.package]]
id = "Whitelist"
source = { git = "https://github.com/scallop-io/sui-lending-protocol.git", rev = "ec2332705c2520ffb98f3a69e7e591d4cc2b3677", subdir = "contracts/libs/whitelist" }

dependencies = [
  { id = "Sui", name = "Sui" },
]

[[move.package]]
id = "Wormhole"
source = { git = "https://github.com/wormhole-foundation/wormhole.git", rev = "sui/mainnet", subdir = "sui/wormhole" }

dependencies = [
  { id = "Sui", name = "Sui" },
]

[[move.package]]
id = "X"
source = { git = "https://github.com/scallop-io/sui-lending-protocol.git", rev = "ec2332705c2520ffb98f3a69e7e591d4cc2b3677", subdir = "contracts/libs/x" }

dependencies = [
  { id = "Sui", name = "Sui" },
]

[[move.package]]
id = "XOracle"
source = { git = "https://github.com/scallop-io/sui-lending-protocol.git", rev = "ec2332705c2520ffb98f3a69e7e591d4cc2b3677", subdir = "contracts/sui_x_oracle/x_oracle" }

dependencies = [
  { id = "Sui", name = "Sui" },
]

[[move.package]]
id = "lending_core"
source = { local = "../navi-protocol/lending_core" }

dependencies = [
  { id = "Sui", name = "Sui" },
  { id = "oracle", name = "oracle" },
]

[[move.package]]
id = "liquid_staking"
source = { git = "https://github.com/solendprotocol/liquid-staking.git", rev = "main", subdir = "contracts" }

dependencies = [
  { id = "Sui", name = "Sui" },
  { id = "SuiSystem", name = "SuiSystem" },
]

[[move.package]]
id = "oracle"
source = { local = "../navi-protocol/oracle" }

dependencies = [
  { id = "Pyth", name = "Pyth" },
  { id = "Sui", name = "Sui" },
  { id = "SupraOracle", name = "SupraOracle" },
]

[[move.package]]
id = "spool"
source = { git = "https://github.com/scallop-io/spool-contract-interface.git", rev = "2532555052d9b56505455a6263c89ca129ee201b", subdir = "spool" }

dependencies = [
  { id = "Math", name = "Math" },
  { id = "Sui", name = "Sui" },
]

[[move.package]]
id = "sprungsui"
source = { local = "../suilend-protocol/sprungsui" }

dependencies = [
  { id = "Sui", name = "Sui" },
]

[[move.package]]
id = "suilend"
source = { local = "../suilend-protocol/suilend" }

dependencies = [
  { id = "Pyth", name = "Pyth" },
  { id = "Sui", name = "Sui" },
  { id = "liquid_staking", name = "liquid_staking" },
  { id = "sprungsui", name = "sprungsui" },
]

[[move.package]]
id = "supra_utils"
source = { git = "https://github.com/Typus-Lab/dora-interface.git", rev = "master", subdir = "sui/mainnet/supra_utils" }

dependencies = [
  { id = "Sui", name = "Sui" },
]

[[move.package]]
id = "supra_validator"
source = { git = "https://github.com/Typus-Lab/dora-interface.git", rev = "master", subdir = "sui/mainnet/supra_validator" }

dependencies = [
  { id = "Sui", name = "Sui" },
  { id = "supra_utils", name = "supra_utils" },
]

[move.toolchain-version]
compiler-version = "1.55.0"
edition = "2024.beta"
flavor = "sui"
